{
  "name": "mdao_master_package",
  "version": "0.0.1",
  "lockfileVersion": 1,
  "requires": true,
  "dependencies": {
    "mdao_dep_package": {
      "version": "0.0.1",
      "resolved": "https://registry.npmjs.org/mdao_dep_package/-/mdao_dep_package-0.0.1.tgz",
      "integrity": "sha512-A34/0JT/sX7tSA7ZHz2PBX0bz6fKQpJkztidn7RYSe7/8puh1+B3rqqsWiUWHpzXqmOybLPS1LWoWb398/BDOQ=="
    }
  }
}
